github.com/SangsakaWira/say-yes-module v1.0.1 h1:l2Y6Egew4odXd+EOgW7rqJVsXQHOIKzMNYOt4isgM1A=
github.com/SangsakaWira/say-yes-module v1.0.1/go.mod h1:9OyFXcpBIXAJUrNWtxjcKFr5iku/7QER0JCdZpWfaw4=
github.com/go-sql-driver/mysql v1.6.0 h1:BCTh4TKNUYmOmMUcQ3IipzF5prigylS7XXjEkfCHuOE=
github.com/go-sql-driver/mysql v1.6.0/go.mod h1:DCzpHaOWr8IXmIStZouvnhqoel9Qv2LBy8hT2VhHyBg=
